{
  "name": "quotacards-ui",
  "version": "0.1.0",
  "lockfileVersion": 3,
  "requires": true,
  "packages": {
    "": {
      "name": "quotacards-ui",
      "version": "0.1.0",
      "dependencies": {
        "@tauri-apps/api": "^2",
        "@tauri-apps/plugin-clipboard-manager": "^2"
      }
    },
    "node_modules/@tauri-apps/api": {
      "version": "2.11.1",
      "resolved": "https://registry.npmjs.org/@tauri-apps/api/-/api-2.11.1.tgz",
      "integrity": "sha512-M2FPuYND2m+wh5hfW9ZpSdxMPdEJovPBWwoHJmwUpysTYNHaOkVFN419m/K0LIgjb/7KU2vBgsUepJWugQCvAA==",
      "license": "Apache-2.0 OR MIT",
      "funding": {
        "type": "opencollective",
        "url": "https://opencollective.com/tauri"
      }
    },
    "node_modules/@tauri-apps/plugin-clipboard-manager": {
      "version": "2.3.3",
      "resolved": "https://registry.npmjs.org/@tauri-apps/plugin-clipboard-manager/-/plugin-clipboard-manager-2.3.3.tgz",
      "integrity": "sha512-KnyoTs9gj1yEgDkSPUNjOIOHjJTr5wk8IWcYMOWxYTIJCip6QwlyPW8u2X+6bd6kHM4fAdZNpxoal0gy/TwJbg==",
      "license": "MIT OR Apache-2.0",
      "dependencies": {
        "@tauri-apps/api": "^2.11.0"
      }
    }
  }
}
